// !$*UTF8*$!
{
	archiveVersion = 1;
	classes = {
	};
	objectVersion = 55;
	objects = {

/* Begin PBXBuildFile section */
		0ACE6AACA6824CDFEE40C7FF /* Pods_hua_vy_food.framework in Frameworks */ = {isa = PBXBuildFile; fileRef = D555685F0C73C32433624EC3 /* Pods_hua_vy_food.framework */; };
		DF122CCA28ACFC08001E14EC /* ProductCategory.swift in Sources */ = {isa = PBXBuildFile; fileRef = DF122CC928ACFC08001E14EC /* ProductCategory.swift */; };
		DF6AAD1728929CA5008961FE /* GoogleService-Info.plist in Resources */ = {isa = PBXBuildFile; fileRef = DF6AAD1628929CA5008961FE /* GoogleService-Info.plist */; };
		DF6AAD192892A9D5008961FE /* RegisterViewModel.swift in Sources */ = {isa = PBXBuildFile; fileRef = DF6AAD182892A9D5008961FE /* RegisterViewModel.swift */; };
		DF6AAD1C2892AB1B008961FE /* ErrorTracker.swift in Sources */ = {isa = PBXBuildFile; fileRef = DF6AAD1B2892AB1B008961FE /* ErrorTracker.swift */; };
		DF6AAD1F2892AB8A008961FE /* ObservableType+.swift in Sources */ = {isa = PBXBuildFile; fileRef = DF6AAD1E2892AB8A008961FE /* ObservableType+.swift */; };
		DF6AAD212892ABF3008961FE /* ActivityIndicator.swift in Sources */ = {isa = PBXBuildFile; fileRef = DF6AAD202892ABF3008961FE /* ActivityIndicator.swift */; };
		DF6AAD252892AD6F008961FE /* UserRepositoryType.swift in Sources */ = {isa = PBXBuildFile; fileRef = DF6AAD242892AD6F008961FE /* UserRepositoryType.swift */; };
		DF6AAD2A2892B3A4008961FE /* UIView+.swift in Sources */ = {isa = PBXBuildFile; fileRef = DF6AAD292892B3A4008961FE /* UIView+.swift */; };
		DF6AAD2C2892B4AA008961FE /* UIViewController+Rx.swift in Sources */ = {isa = PBXBuildFile; fileRef = DF6AAD2B2892B4AA008961FE /* UIViewController+Rx.swift */; };
		DF7C1A0E28915C100023CC11 /* ForgotPasswordViewController.swift in Sources */ = {isa = PBXBuildFile; fileRef = DF7C1A0C28915C100023CC11 /* ForgotPasswordViewController.swift */; };
		DF7C1A0F28915C100023CC11 /* ForgotPasswordViewController.xib in Resources */ = {isa = PBXBuildFile; fileRef = DF7C1A0D28915C100023CC11 /* ForgotPasswordViewController.xib */; };
		DF8C81AC2895409F00A574CE /* LoginViewModel.swift in Sources */ = {isa = PBXBuildFile; fileRef = DF8C81AB2895409F00A574CE /* LoginViewModel.swift */; };
		DF8C81B02895440300A574CE /* UserManager.swift in Sources */ = {isa = PBXBuildFile; fileRef = DF8C81AF2895440300A574CE /* UserManager.swift */; };
		DF8C81B2289546A400A574CE /* UserSignIn.swift in Sources */ = {isa = PBXBuildFile; fileRef = DF8C81B1289546A400A574CE /* UserSignIn.swift */; };
		DF8C81B428954C1F00A574CE /* SharedSequenceConvertibleType+.swift in Sources */ = {isa = PBXBuildFile; fileRef = DF8C81B328954C1F00A574CE /* SharedSequenceConvertibleType+.swift */; };
		DF8E7488288EAC190010DFD9 /* MainViewController.swift in Sources */ = {isa = PBXBuildFile; fileRef = DF8E7486288EAC190010DFD9 /* MainViewController.swift */; };
		DF8E7489288EAC190010DFD9 /* MainViewController.xib in Resources */ = {isa = PBXBuildFile; fileRef = DF8E7487288EAC190010DFD9 /* MainViewController.xib */; };
		DFA11ED4288EB04C00C8E2E2 /* LoginViewController.swift in Sources */ = {isa = PBXBuildFile; fileRef = DFA11ED2288EB04C00C8E2E2 /* LoginViewController.swift */; };
		DFA11ED5288EB04C00C8E2E2 /* LoginViewController.xib in Resources */ = {isa = PBXBuildFile; fileRef = DFA11ED3288EB04C00C8E2E2 /* LoginViewController.xib */; };
		DFB0880E2894E327002D2AE3 /* UIViewcontroller+.swift in Sources */ = {isa = PBXBuildFile; fileRef = DFB0880D2894E327002D2AE3 /* UIViewcontroller+.swift */; };
		DFB4D0BE289121C300B109C0 /* RegisterViewController.swift in Sources */ = {isa = PBXBuildFile; fileRef = DFB4D0BC289121C300B109C0 /* RegisterViewController.swift */; };
		DFB4D0BF289121C300B109C0 /* RegisterViewController.xib in Resources */ = {isa = PBXBuildFile; fileRef = DFB4D0BD289121C300B109C0 /* RegisterViewController.xib */; };
		DFB4D0C32891265C00B109C0 /* UIColor+.swift in Sources */ = {isa = PBXBuildFile; fileRef = DFB4D0C22891265C00B109C0 /* UIColor+.swift */; };
		DFB6019128A8F635009CEA90 /* ProductRepositoryType.swift in Sources */ = {isa = PBXBuildFile; fileRef = DFB6019028A8F635009CEA90 /* ProductRepositoryType.swift */; };
		DFB6019328A8F6E6009CEA90 /* AddNewViewModel.swift in Sources */ = {isa = PBXBuildFile; fileRef = DFB6019228A8F6E6009CEA90 /* AddNewViewModel.swift */; };
		DFB6DAC1289E806C008879BF /* UserSettingViewController.swift in Sources */ = {isa = PBXBuildFile; fileRef = DFB6DABF289E806C008879BF /* UserSettingViewController.swift */; };
		DFB6DAC2289E806C008879BF /* UserSettingViewController.xib in Resources */ = {isa = PBXBuildFile; fileRef = DFB6DAC0289E806C008879BF /* UserSettingViewController.xib */; };
		DFB6DAC4289E83CA008879BF /* UserSettingViewModel.swift in Sources */ = {isa = PBXBuildFile; fileRef = DFB6DAC3289E83CA008879BF /* UserSettingViewModel.swift */; };
		DFBB0D5128A25D5400EAA349 /* ManagerProductViewController.swift in Sources */ = {isa = PBXBuildFile; fileRef = DFBB0D4F28A25D5400EAA349 /* ManagerProductViewController.swift */; };
		DFBB0D5228A25D5400EAA349 /* ManagerProductViewController.xib in Resources */ = {isa = PBXBuildFile; fileRef = DFBB0D5028A25D5400EAA349 /* ManagerProductViewController.xib */; };
		DFBB0D5628A265A600EAA349 /* AddNewViewController.swift in Sources */ = {isa = PBXBuildFile; fileRef = DFBB0D5428A265A600EAA349 /* AddNewViewController.swift */; };
		DFBB0D5728A265A600EAA349 /* AddNewViewController.xib in Resources */ = {isa = PBXBuildFile; fileRef = DFBB0D5528A265A600EAA349 /* AddNewViewController.xib */; };
		DFBF41C0288CDB0C00203759 /* AppDelegate.swift in Sources */ = {isa = PBXBuildFile; fileRef = DFBF41BF288CDB0C00203759 /* AppDelegate.swift */; };
		DFBF41C2288CDB0C00203759 /* SceneDelegate.swift in Sources */ = {isa = PBXBuildFile; fileRef = DFBF41C1288CDB0C00203759 /* SceneDelegate.swift */; };
		DFBF41C9288CDB0E00203759 /* Assets.xcassets in Resources */ = {isa = PBXBuildFile; fileRef = DFBF41C8288CDB0E00203759 /* Assets.xcassets */; };
		DFBF41CC288CDB0E00203759 /* LaunchScreen.storyboard in Resources */ = {isa = PBXBuildFile; fileRef = DFBF41CA288CDB0E00203759 /* LaunchScreen.storyboard */; };
		DFC49A5F289C013F00F856FC /* ForgotPasswordViewModel.swift in Sources */ = {isa = PBXBuildFile; fileRef = DFC49A5E289C013F00F856FC /* ForgotPasswordViewModel.swift */; };
/* End PBXBuildFile section */

/* Begin PBXFileReference section */
		1A41161FAF4EAA2374DEDB2A /* Pods-hua_vy_food.release.xcconfig */ = {isa = PBXFileReference; includeInIndex = 1; lastKnownFileType = text.xcconfig; name = "Pods-hua_vy_food.release.xcconfig"; path = "Target Support Files/Pods-hua_vy_food/Pods-hua_vy_food.release.xcconfig"; sourceTree = "<group>"; };
		3E14807D4A1DD20150F1C079 /* Pods-hua_vy_food.debug.xcconfig */ = {isa = PBXFileReference; includeInIndex = 1; lastKnownFileType = text.xcconfig; name = "Pods-hua_vy_food.debug.xcconfig"; path = "Target Support Files/Pods-hua_vy_food/Pods-hua_vy_food.debug.xcconfig"; sourceTree = "<group>"; };
		D555685F0C73C32433624EC3 /* Pods_hua_vy_food.framework */ = {isa = PBXFileReference; explicitFileType = wrapper.framework; includeInIndex = 0; path = Pods_hua_vy_food.framework; sourceTree = BUILT_PRODUCTS_DIR; };
		DF122CC928ACFC08001E14EC /* ProductCategory.swift */ = {isa = PBXFileReference; lastKnownFileType = sourcecode.swift; path = ProductCategory.swift; sourceTree = "<group>"; };
		DF6AAD1628929CA5008961FE /* GoogleService-Info.plist */ = {isa = PBXFileReference; fileEncoding = 4; lastKnownFileType = text.plist.xml; path = "GoogleService-Info.plist"; sourceTree = "<group>"; };
		DF6AAD182892A9D5008961FE /* RegisterViewModel.swift */ = {isa = PBXFileReference; lastKnownFileType = sourcecode.swift; path = RegisterViewModel.swift; sourceTree = "<group>"; };
		DF6AAD1B2892AB1B008961FE /* ErrorTracker.swift */ = {isa = PBXFileReference; lastKnownFileType = sourcecode.swift; path = ErrorTracker.swift; sourceTree = "<group>"; };
		DF6AAD1E2892AB8A008961FE /* ObservableType+.swift */ = {isa = PBXFileReference; lastKnownFileType = sourcecode.swift; path = "ObservableType+.swift"; sourceTree = "<group>"; };
		DF6AAD202892ABF3008961FE /* ActivityIndicator.swift */ = {isa = PBXFileReference; lastKnownFileType = sourcecode.swift; path = ActivityIndicator.swift; sourceTree = "<group>"; };
		DF6AAD242892AD6F008961FE /* UserRepositoryType.swift */ = {isa = PBXFileReference; lastKnownFileType = sourcecode.swift; path = UserRepositoryType.swift; sourceTree = "<group>"; };
		DF6AAD292892B3A4008961FE /* UIView+.swift */ = {isa = PBXFileReference; lastKnownFileType = sourcecode.swift; path = "UIView+.swift"; sourceTree = "<group>"; };
		DF6AAD2B2892B4AA008961FE /* UIViewController+Rx.swift */ = {isa = PBXFileReference; lastKnownFileType = sourcecode.swift; path = "UIViewController+Rx.swift"; sourceTree = "<group>"; };
		DF7C1A0C28915C100023CC11 /* ForgotPasswordViewController.swift */ = {isa = PBXFileReference; lastKnownFileType = sourcecode.swift; path = ForgotPasswordViewController.swift; sourceTree = "<group>"; };
		DF7C1A0D28915C100023CC11 /* ForgotPasswordViewController.xib */ = {isa = PBXFileReference; lastKnownFileType = file.xib; path = ForgotPasswordViewController.xib; sourceTree = "<group>"; };
		DF8C81AB2895409F00A574CE /* LoginViewModel.swift */ = {isa = PBXFileReference; lastKnownFileType = sourcecode.swift; path = LoginViewModel.swift; sourceTree = "<group>"; };
		DF8C81AF2895440300A574CE /* UserManager.swift */ = {isa = PBXFileReference; lastKnownFileType = sourcecode.swift; path = UserManager.swift; sourceTree = "<group>"; };
		DF8C81B1289546A400A574CE /* UserSignIn.swift */ = {isa = PBXFileReference; lastKnownFileType = sourcecode.swift; path = UserSignIn.swift; sourceTree = "<group>"; };
		DF8C81B328954C1F00A574CE /* SharedSequenceConvertibleType+.swift */ = {isa = PBXFileReference; lastKnownFileType = sourcecode.swift; path = "SharedSequenceConvertibleType+.swift"; sourceTree = "<group>"; };
		DF8E7486288EAC190010DFD9 /* MainViewController.swift */ = {isa = PBXFileReference; lastKnownFileType = sourcecode.swift; path = MainViewController.swift; sourceTree = "<group>"; };
		DF8E7487288EAC190010DFD9 /* MainViewController.xib */ = {isa = PBXFileReference; lastKnownFileType = file.xib; path = MainViewController.xib; sourceTree = "<group>"; };
		DFA11ED2288EB04C00C8E2E2 /* LoginViewController.swift */ = {isa = PBXFileReference; lastKnownFileType = sourcecode.swift; path = LoginViewController.swift; sourceTree = "<group>"; };
		DFA11ED3288EB04C00C8E2E2 /* LoginViewController.xib */ = {isa = PBXFileReference; lastKnownFileType = file.xib; path = LoginViewController.xib; sourceTree = "<group>"; };
		DFB0880D2894E327002D2AE3 /* UIViewcontroller+.swift */ = {isa = PBXFileReference; lastKnownFileType = sourcecode.swift; path = "UIViewcontroller+.swift"; sourceTree = "<group>"; };
		DFB4D0BC289121C300B109C0 /* RegisterViewController.swift */ = {isa = PBXFileReference; lastKnownFileType = sourcecode.swift; path = RegisterViewController.swift; sourceTree = "<group>"; };
		DFB4D0BD289121C300B109C0 /* RegisterViewController.xib */ = {isa = PBXFileReference; lastKnownFileType = file.xib; path = RegisterViewController.xib; sourceTree = "<group>"; };
		DFB4D0C22891265C00B109C0 /* UIColor+.swift */ = {isa = PBXFileReference; lastKnownFileType = sourcecode.swift; path = "UIColor+.swift"; sourceTree = "<group>"; };
		DFB6019028A8F635009CEA90 /* ProductRepositoryType.swift */ = {isa = PBXFileReference; lastKnownFileType = sourcecode.swift; path = ProductRepositoryType.swift; sourceTree = "<group>"; };
		DFB6019228A8F6E6009CEA90 /* AddNewViewModel.swift */ = {isa = PBXFileReference; lastKnownFileType = sourcecode.swift; path = AddNewViewModel.swift; sourceTree = "<group>"; };
		DFB6DABF289E806C008879BF /* UserSettingViewController.swift */ = {isa = PBXFileReference; lastKnownFileType = sourcecode.swift; path = UserSettingViewController.swift; sourceTree = "<group>"; };
		DFB6DAC0289E806C008879BF /* UserSettingViewController.xib */ = {isa = PBXFileReference; lastKnownFileType = file.xib; path = UserSettingViewController.xib; sourceTree = "<group>"; };
		DFB6DAC3289E83CA008879BF /* UserSettingViewModel.swift */ = {isa = PBXFileReference; lastKnownFileType = sourcecode.swift; path = UserSettingViewModel.swift; sourceTree = "<group>"; };
		DFBB0D4F28A25D5400EAA349 /* ManagerProductViewController.swift */ = {isa = PBXFileReference; lastKnownFileType = sourcecode.swift; path = ManagerProductViewController.swift; sourceTree = "<group>"; };
		DFBB0D5028A25D5400EAA349 /* ManagerProductViewController.xib */ = {isa = PBXFileReference; lastKnownFileType = file.xib; path = ManagerProductViewController.xib; sourceTree = "<group>"; };
		DFBB0D5428A265A600EAA349 /* AddNewViewController.swift */ = {isa = PBXFileReference; lastKnownFileType = sourcecode.swift; path = AddNewViewController.swift; sourceTree = "<group>"; };
		DFBB0D5528A265A600EAA349 /* AddNewViewController.xib */ = {isa = PBXFileReference; lastKnownFileType = file.xib; path = AddNewViewController.xib; sourceTree = "<group>"; };
		DFBF41BC288CDB0C00203759 /* hua_vy_food.app */ = {isa = PBXFileReference; explicitFileType = wrapper.application; includeInIndex = 0; path = hua_vy_food.app; sourceTree = BUILT_PRODUCTS_DIR; };
		DFBF41BF288CDB0C00203759 /* AppDelegate.swift */ = {isa = PBXFileReference; lastKnownFileType = sourcecode.swift; path = AppDelegate.swift; sourceTree = "<group>"; };
		DFBF41C1288CDB0C00203759 /* SceneDelegate.swift */ = {isa = PBXFileReference; lastKnownFileType = sourcecode.swift; path = SceneDelegate.swift; sourceTree = "<group>"; };
		DFBF41C8288CDB0E00203759 /* Assets.xcassets */ = {isa = PBXFileReference; lastKnownFileType = folder.assetcatalog; path = Assets.xcassets; sourceTree = "<group>"; };
		DFBF41CB288CDB0E00203759 /* Base */ = {isa = PBXFileReference; lastKnownFileType = file.storyboard; name = Base; path = Base.lproj/LaunchScreen.storyboard; sourceTree = "<group>"; };
		DFBF41CD288CDB0E00203759 /* Info.plist */ = {isa = PBXFileReference; lastKnownFileType = text.plist.xml; path = Info.plist; sourceTree = "<group>"; };
		DFC49A5E289C013F00F856FC /* ForgotPasswordViewModel.swift */ = {isa = PBXFileReference; lastKnownFileType = sourcecode.swift; path = ForgotPasswordViewModel.swift; sourceTree = "<group>"; };
/* End PBXFileReference section */

/* Begin PBXFrameworksBuildPhase section */
		DFBF41B9288CDB0C00203759 /* Frameworks */ = {
			isa = PBXFrameworksBuildPhase;
			buildActionMask = 2147483647;
			files = (
				0ACE6AACA6824CDFEE40C7FF /* Pods_hua_vy_food.framework in Frameworks */,
			);
			runOnlyForDeploymentPostprocessing = 0;
		};
/* End PBXFrameworksBuildPhase section */

/* Begin PBXGroup section */
		06FEF8CE49A79BB11CE4ED5F /* Frameworks */ = {
			isa = PBXGroup;
			children = (
				D555685F0C73C32433624EC3 /* Pods_hua_vy_food.framework */,
			);
			name = Frameworks;
			sourceTree = "<group>";
		};
		BFA00F9D881B100B616057B3 /* Pods */ = {
			isa = PBXGroup;
			children = (
				3E14807D4A1DD20150F1C079 /* Pods-hua_vy_food.debug.xcconfig */,
				1A41161FAF4EAA2374DEDB2A /* Pods-hua_vy_food.release.xcconfig */,
			);
			path = Pods;
			sourceTree = "<group>";
		};
		DF6AAD1A2892AAFC008961FE /* Support */ = {
			isa = PBXGroup;
			children = (
				DF6AAD1B2892AB1B008961FE /* ErrorTracker.swift */,
				DF6AAD202892ABF3008961FE /* ActivityIndicator.swift */,
			);
			path = Support;
			sourceTree = "<group>";
		};
		DF6AAD1D2892AB6D008961FE /* RxExtentions */ = {
			isa = PBXGroup;
			children = (
				DF6AAD1E2892AB8A008961FE /* ObservableType+.swift */,
				DF8C81B328954C1F00A574CE /* SharedSequenceConvertibleType+.swift */,
			);
			path = RxExtentions;
			sourceTree = "<group>";
		};
		DF6AAD222892AD40008961FE /* Data */ = {
			isa = PBXGroup;
			children = (
				DF8C81AD289543B200A574CE /* Source */,
				DF6AAD262892ADAD008961FE /* Model */,
				DF6AAD232892AD55008961FE /* Repositories */,
			);
			path = Data;
			sourceTree = "<group>";
		};
		DF6AAD232892AD55008961FE /* Repositories */ = {
			isa = PBXGroup;
			children = (
				DF6AAD242892AD6F008961FE /* UserRepositoryType.swift */,
				DFB6019028A8F635009CEA90 /* ProductRepositoryType.swift */,
			);
			path = Repositories;
			sourceTree = "<group>";
		};
		DF6AAD262892ADAD008961FE /* Model */ = {
			isa = PBXGroup;
			children = (
				DF8C81B1289546A400A574CE /* UserSignIn.swift */,
				DF122CC928ACFC08001E14EC /* ProductCategory.swift */,
			);
			path = Model;
			sourceTree = "<group>";
		};
		DF7C1A0B28915BFD0023CC11 /* ForgotPassword */ = {
			isa = PBXGroup;
			children = (
				DF7C1A0C28915C100023CC11 /* ForgotPasswordViewController.swift */,
				DF7C1A0D28915C100023CC11 /* ForgotPasswordViewController.xib */,
				DFC49A5E289C013F00F856FC /* ForgotPasswordViewModel.swift */,
			);
			path = ForgotPassword;
			sourceTree = "<group>";
		};
		DF8C81AD289543B200A574CE /* Source */ = {
			isa = PBXGroup;
			children = (
				DF8C81AE289543B800A574CE /* Local */,
			);
			path = Source;
			sourceTree = "<group>";
		};
		DF8C81AE289543B800A574CE /* Local */ = {
			isa = PBXGroup;
			children = (
				DF8C81AF2895440300A574CE /* UserManager.swift */,
			);
			path = Local;
			sourceTree = "<group>";
		};
		DF8E7480288EABC50010DFD9 /* UI */ = {
			isa = PBXGroup;
			children = (
				DFBB0D4E28A25D3800EAA349 /* ManagerProduct */,
				DFB6DABE289E8040008879BF /* UserSetting */,
				DF7C1A0B28915BFD0023CC11 /* ForgotPassword */,
				DFB4D0BB289121AE00B109C0 /* Register */,
				DFA11ED1288EB03C00C8E2E2 /* Login */,
				DF8E7481288EABD10010DFD9 /* Main */,
			);
			path = UI;
			sourceTree = "<group>";
		};
		DF8E7481288EABD10010DFD9 /* Main */ = {
			isa = PBXGroup;
			children = (
				DF8E7486288EAC190010DFD9 /* MainViewController.swift */,
				DF8E7487288EAC190010DFD9 /* MainViewController.xib */,
			);
			path = Main;
			sourceTree = "<group>";
		};
		DFA11ED1288EB03C00C8E2E2 /* Login */ = {
			isa = PBXGroup;
			children = (
				DFA11ED2288EB04C00C8E2E2 /* LoginViewController.swift */,
				DFA11ED3288EB04C00C8E2E2 /* LoginViewController.xib */,
				DF8C81AB2895409F00A574CE /* LoginViewModel.swift */,
			);
			path = Login;
			sourceTree = "<group>";
		};
		DFB4D0BB289121AE00B109C0 /* Register */ = {
			isa = PBXGroup;
			children = (
				DFB4D0BC289121C300B109C0 /* RegisterViewController.swift */,
				DFB4D0BD289121C300B109C0 /* RegisterViewController.xib */,
				DF6AAD182892A9D5008961FE /* RegisterViewModel.swift */,
			);
			path = Register;
			sourceTree = "<group>";
		};
		DFB4D0C02891262700B109C0 /* Utilities */ = {
			isa = PBXGroup;
			children = (
				DF6AAD1A2892AAFC008961FE /* Support */,
				DFB4D0C12891264600B109C0 /* Extentions */,
			);
			path = Utilities;
			sourceTree = "<group>";
		};
		DFB4D0C12891264600B109C0 /* Extentions */ = {
			isa = PBXGroup;
			children = (
				DF6AAD1D2892AB6D008961FE /* RxExtentions */,
				DFB4D0C22891265C00B109C0 /* UIColor+.swift */,
				DF6AAD292892B3A4008961FE /* UIView+.swift */,
				DF6AAD2B2892B4AA008961FE /* UIViewController+Rx.swift */,
				DFB0880D2894E327002D2AE3 /* UIViewcontroller+.swift */,
			);
			path = Extentions;
			sourceTree = "<group>";
		};
		DFB6DABE289E8040008879BF /* UserSetting */ = {
			isa = PBXGroup;
			children = (
				DFB6DABF289E806C008879BF /* UserSettingViewController.swift */,
				DFB6DAC0289E806C008879BF /* UserSettingViewController.xib */,
				DFB6DAC3289E83CA008879BF /* UserSettingViewModel.swift */,
			);
			path = UserSetting;
			sourceTree = "<group>";
		};
		DFBB0D4E28A25D3800EAA349 /* ManagerProduct */ = {
			isa = PBXGroup;
			children = (
				DFBB0D5328A2657A00EAA349 /* AddNewProduct */,
				DFBB0D4F28A25D5400EAA349 /* ManagerProductViewController.swift */,
				DFBB0D5028A25D5400EAA349 /* ManagerProductViewController.xib */,
			);
			path = ManagerProduct;
			sourceTree = "<group>";
		};
		DFBB0D5328A2657A00EAA349 /* AddNewProduct */ = {
			isa = PBXGroup;
			children = (
				DFBB0D5428A265A600EAA349 /* AddNewViewController.swift */,
				DFBB0D5528A265A600EAA349 /* AddNewViewController.xib */,
				DFB6019228A8F6E6009CEA90 /* AddNewViewModel.swift */,
			);
			path = AddNewProduct;
			sourceTree = "<group>";
		};
		DFBF41B3288CDB0C00203759 = {
			isa = PBXGroup;
			children = (
				DFBF41BE288CDB0C00203759 /* hua_vy_food */,
				DFBF41BD288CDB0C00203759 /* Products */,
				BFA00F9D881B100B616057B3 /* Pods */,
				06FEF8CE49A79BB11CE4ED5F /* Frameworks */,
			);
			sourceTree = "<group>";
		};
		DFBF41BD288CDB0C00203759 /* Products */ = {
			isa = PBXGroup;
			children = (
				DFBF41BC288CDB0C00203759 /* hua_vy_food.app */,
			);
			name = Products;
			sourceTree = "<group>";
		};
		DFBF41BE288CDB0C00203759 /* hua_vy_food */ = {
			isa = PBXGroup;
			children = (
				DFBF41BF288CDB0C00203759 /* AppDelegate.swift */,
				DFBF41C1288CDB0C00203759 /* SceneDelegate.swift */,
				DFBF41C8288CDB0E00203759 /* Assets.xcassets */,
				DFBF41CA288CDB0E00203759 /* LaunchScreen.storyboard */,
				DFBF41CD288CDB0E00203759 /* Info.plist */,
				DF6AAD1628929CA5008961FE /* GoogleService-Info.plist */,
				DF6AAD222892AD40008961FE /* Data */,
				DF8E7480288EABC50010DFD9 /* UI */,
				DFB4D0C02891262700B109C0 /* Utilities */,
			);
			path = hua_vy_food;
			sourceTree = "<group>";
		};
/* End PBXGroup section */

/* Begin PBXNativeTarget section */
		DFBF41BB288CDB0C00203759 /* hua_vy_food */ = {
			isa = PBXNativeTarget;
			buildConfigurationList = DFBF41D0288CDB0E00203759 /* Build configuration list for PBXNativeTarget "hua_vy_food" */;
			buildPhases = (
				EF91846639F7D88C2C35BC94 /* [CP] Check Pods Manifest.lock */,
				DFBF41B8288CDB0C00203759 /* Sources */,
				DFBF41B9288CDB0C00203759 /* Frameworks */,
				DFBF41BA288CDB0C00203759 /* Resources */,
				0C0A2C6E4585C8A84FA18E3E /* [CP] Embed Pods Frameworks */,
			);
			buildRules = (
			);
			dependencies = (
			);
			name = hua_vy_food;
			productName = hua_vy_food;
			productReference = DFBF41BC288CDB0C00203759 /* hua_vy_food.app */;
			productType = "com.apple.product-type.application";
		};
/* End PBXNativeTarget section */

/* Begin PBXProject section */
		DFBF41B4288CDB0C00203759 /* Project object */ = {
			isa = PBXProject;
			attributes = {
				BuildIndependentTargetsInParallel = 1;
				LastSwiftUpdateCheck = 1340;
				LastUpgradeCheck = 1340;
				TargetAttributes = {
					DFBF41BB288CDB0C00203759 = {
						CreatedOnToolsVersion = 13.4.1;
					};
				};
			};
			buildConfigurationList = DFBF41B7288CDB0C00203759 /* Build configuration list for PBXProject "hua_vy_food" */;
			compatibilityVersion = "Xcode 13.0";
			developmentRegion = en;
			hasScannedForEncodings = 0;
			knownRegions = (
				en,
				Base,
			);
			mainGroup = DFBF41B3288CDB0C00203759;
			productRefGroup = DFBF41BD288CDB0C00203759 /* Products */;
			projectDirPath = "";
			projectRoot = "";
			targets = (
				DFBF41BB288CDB0C00203759 /* hua_vy_food */,
			);
		};
/* End PBXProject section */

/* Begin PBXResourcesBuildPhase section */
		DFBF41BA288CDB0C00203759 /* Resources */ = {
			isa = PBXResourcesBuildPhase;
			buildActionMask = 2147483647;
			files = (
				DF7C1A0F28915C100023CC11 /* ForgotPasswordViewController.xib in Resources */,
				DFA11ED5288EB04C00C8E2E2 /* LoginViewController.xib in Resources */,
				DFB6DAC2289E806C008879BF /* UserSettingViewController.xib in Resources */,
				DFB4D0BF289121C300B109C0 /* RegisterViewController.xib in Resources */,
				DFBF41CC288CDB0E00203759 /* LaunchScreen.storyboard in Resources */,
				DFBB0D5728A265A600EAA349 /* AddNewViewController.xib in Resources */,
				DFBF41C9288CDB0E00203759 /* Assets.xcassets in Resources */,
				DFBB0D5228A25D5400EAA349 /* ManagerProductViewController.xib in Resources */,
				DF8E7489288EAC190010DFD9 /* MainViewController.xib in Resources */,
				DF6AAD1728929CA5008961FE /* GoogleService-Info.plist in Resources */,
			);
			runOnlyForDeploymentPostprocessing = 0;
		};
/* End PBXResourcesBuildPhase section */

/* Begin PBXShellScriptBuildPhase section */
		0C0A2C6E4585C8A84FA18E3E /* [CP] Embed Pods Frameworks */ = {
			isa = PBXShellScriptBuildPhase;
			buildActionMask = 2147483647;
			files = (
			);
			inputFileListPaths = (
				"${PODS_ROOT}/Target Support Files/Pods-hua_vy_food/Pods-hua_vy_food-frameworks-${CONFIGURATION}-input-files.xcfilelist",
			);
			name = "[CP] Embed Pods Frameworks";
			outputFileListPaths = (
				"${PODS_ROOT}/Target Support Files/Pods-hua_vy_food/Pods-hua_vy_food-frameworks-${CONFIGURATION}-output-files.xcfilelist",
			);
			runOnlyForDeploymentPostprocessing = 0;
			shellPath = /bin/sh;
			shellScript = "\"${PODS_ROOT}/Target Support Files/Pods-hua_vy_food/Pods-hua_vy_food-frameworks.sh\"\n";
			showEnvVarsInLog = 0;
		};
		EF91846639F7D88C2C35BC94 /* [CP] Check Pods Manifest.lock */ = {
			isa = PBXShellScriptBuildPhase;
			buildActionMask = 2147483647;
			files = (
			);
			inputFileListPaths = (
			);
			inputPaths = (
				"${PODS_PODFILE_DIR_PATH}/Podfile.lock",
				"${PODS_ROOT}/Manifest.lock",
			);
			name = "[CP] Check Pods Manifest.lock";
			outputFileListPaths = (
			);
			outputPaths = (
				"$(DERIVED_FILE_DIR)/Pods-hua_vy_food-checkManifestLockResult.txt",
			);
			runOnlyForDeploymentPostprocessing = 0;
			shellPath = /bin/sh;
			shellScript = "diff \"${PODS_PODFILE_DIR_PATH}/Podfile.lock\" \"${PODS_ROOT}/Manifest.lock\" > /dev/null\nif [ $? != 0 ] ; then\n    # print error to STDERR\n    echo \"error: The sandbox is not in sync with the Podfile.lock. Run 'pod install' or update your CocoaPods installation.\" >&2\n    exit 1\nfi\n# This output is used by Xcode 'outputs' to avoid re-running this script phase.\necho \"SUCCESS\" > \"${SCRIPT_OUTPUT_FILE_0}\"\n";
			showEnvVarsInLog = 0;
		};
/* End PBXShellScriptBuildPhase section */

/* Begin PBXSourcesBuildPhase section */
		DFBF41B8288CDB0C00203759 /* Sources */ = {
			isa = PBXSourcesBuildPhase;
			buildActionMask = 2147483647;
			files = (
				DFBF41C0288CDB0C00203759 /* AppDelegate.swift in Sources */,
				DF7C1A0E28915C100023CC11 /* ForgotPasswordViewController.swift in Sources */,
				DF8C81B2289546A400A574CE /* UserSignIn.swift in Sources */,
				DFB4D0BE289121C300B109C0 /* RegisterViewController.swift in Sources */,
				DF6AAD192892A9D5008961FE /* RegisterViewModel.swift in Sources */,
				DF8C81AC2895409F00A574CE /* LoginViewModel.swift in Sources */,
				DF6AAD1C2892AB1B008961FE /* ErrorTracker.swift in Sources */,
				DFBB0D5628A265A600EAA349 /* AddNewViewController.swift in Sources */,
				DF6AAD212892ABF3008961FE /* ActivityIndicator.swift in Sources */,
				DF6AAD2C2892B4AA008961FE /* UIViewController+Rx.swift in Sources */,
				DF8C81B428954C1F00A574CE /* SharedSequenceConvertibleType+.swift in Sources */,
				DFBF41C2288CDB0C00203759 /* SceneDelegate.swift in Sources */,
				DFB0880E2894E327002D2AE3 /* UIViewcontroller+.swift in Sources */,
				DF6AAD1F2892AB8A008961FE /* ObservableType+.swift in Sources */,
				DFB6DAC1289E806C008879BF /* UserSettingViewController.swift in Sources */,
				DFB6DAC4289E83CA008879BF /* UserSettingViewModel.swift in Sources */,
				DFB6019128A8F635009CEA90 /* ProductRepositoryType.swift in Sources */,
				DF6AAD252892AD6F008961FE /* UserRepositoryType.swift in Sources */,
				DFA11ED4288EB04C00C8E2E2 /* LoginViewController.swift in Sources */,
				DFBB0D5128A25D5400EAA349 /* ManagerProductViewController.swift in Sources */,
				DF6AAD2A2892B3A4008961FE /* UIView+.swift in Sources */,
				DFB6019328A8F6E6009CEA90 /* AddNewViewModel.swift in Sources */,
				DF122CCA28ACFC08001E14EC /* ProductCategory.swift in Sources */,
				DFC49A5F289C013F00F856FC /* ForgotPasswordViewModel.swift in Sources */,
				DF8E7488288EAC190010DFD9 /* MainViewController.swift in Sources */,
				DFB4D0C32891265C00B109C0 /* UIColor+.swift in Sources */,
				DF8C81B02895440300A574CE /* UserManager.swift in Sources */,
			);
			runOnlyForDeploymentPostprocessing = 0;
		};
/* End PBXSourcesBuildPhase section */

/* Begin PBXVariantGroup section */
		DFBF41CA288CDB0E00203759 /* LaunchScreen.storyboard */ = {
			isa = PBXVariantGroup;
			children = (
				DFBF41CB288CDB0E00203759 /* Base */,
			);
			name = LaunchScreen.storyboard;
			sourceTree = "<group>";
		};
/* End PBXVariantGroup section */

/* Begin XCBuildConfiguration section */
		DFBF41CE288CDB0E00203759 /* Debug */ = {
			isa = XCBuildConfiguration;
			buildSettings = {
				ALWAYS_SEARCH_USER_PATHS = NO;
				CLANG_ANALYZER_NONNULL = YES;
				CLANG_ANALYZER_NUMBER_OBJECT_CONVERSION = YES_AGGRESSIVE;
				CLANG_CXX_LANGUAGE_STANDARD = "gnu++17";
				CLANG_ENABLE_MODULES = YES;
				CLANG_ENABLE_OBJC_ARC = YES;
				CLANG_ENABLE_OBJC_WEAK = YES;
				CLANG_WARN_BLOCK_CAPTURE_AUTORELEASING = YES;
				CLANG_WARN_BOOL_CONVERSION = YES;
				CLANG_WARN_COMMA = YES;
				CLANG_WARN_CONSTANT_CONVERSION = YES;
				CLANG_WARN_DEPRECATED_OBJC_IMPLEMENTATIONS = YES;
				CLANG_WARN_DIRECT_OBJC_ISA_USAGE = YES_ERROR;
				CLANG_WARN_DOCUMENTATION_COMMENTS = YES;
				CLANG_WARN_EMPTY_BODY = YES;
				CLANG_WARN_ENUM_CONVERSION = YES;
				CLANG_WARN_INFINITE_RECURSION = YES;
				CLANG_WARN_INT_CONVERSION = YES;
				CLANG_WARN_NON_LITERAL_NULL_CONVERSION = YES;
				CLANG_WARN_OBJC_IMPLICIT_RETAIN_SELF = YES;
				CLANG_WARN_OBJC_LITERAL_CONVERSION = YES;
				CLANG_WARN_OBJC_ROOT_CLASS = YES_ERROR;
				CLANG_WARN_QUOTED_INCLUDE_IN_FRAMEWORK_HEADER = YES;
				CLANG_WARN_RANGE_LOOP_ANALYSIS = YES;
				CLANG_WARN_STRICT_PROTOTYPES = YES;
				CLANG_WARN_SUSPICIOUS_MOVE = YES;
				CLANG_WARN_UNGUARDED_AVAILABILITY = YES_AGGRESSIVE;
				CLANG_WARN_UNREACHABLE_CODE = YES;
				CLANG_WARN__DUPLICATE_METHOD_MATCH = YES;
				COPY_PHASE_STRIP = NO;
				DEBUG_INFORMATION_FORMAT = dwarf;
				ENABLE_STRICT_OBJC_MSGSEND = YES;
				ENABLE_TESTABILITY = YES;
				GCC_C_LANGUAGE_STANDARD = gnu11;
				GCC_DYNAMIC_NO_PIC = NO;
				GCC_NO_COMMON_BLOCKS = YES;
				GCC_OPTIMIZATION_LEVEL = 0;
				GCC_PREPROCESSOR_DEFINITIONS = (
					"DEBUG=1",
					"$(inherited)",
				);
				GCC_WARN_64_TO_32_BIT_CONVERSION = YES;
				GCC_WARN_ABOUT_RETURN_TYPE = YES_ERROR;
				GCC_WARN_UNDECLARED_SELECTOR = YES;
				GCC_WARN_UNINITIALIZED_AUTOS = YES_AGGRESSIVE;
				GCC_WARN_UNUSED_FUNCTION = YES;
				GCC_WARN_UNUSED_VARIABLE = YES;
				IPHONEOS_DEPLOYMENT_TARGET = 15.5;
				MTL_ENABLE_DEBUG_INFO = INCLUDE_SOURCE;
				MTL_FAST_MATH = YES;
				ONLY_ACTIVE_ARCH = YES;
				SDKROOT = iphoneos;
				SWIFT_ACTIVE_COMPILATION_CONDITIONS = DEBUG;
				SWIFT_OPTIMIZATION_LEVEL = "-Onone";
			};
			name = Debug;
		};
		DFBF41CF288CDB0E00203759 /* Release */ = {
			isa = XCBuildConfiguration;
			buildSettings = {
				ALWAYS_SEARCH_USER_PATHS = NO;
				CLANG_ANALYZER_NONNULL = YES;
				CLANG_ANALYZER_NUMBER_OBJECT_CONVERSION = YES_AGGRESSIVE;
				CLANG_CXX_LANGUAGE_STANDARD = "gnu++17";
				CLANG_ENABLE_MODULES = YES;
				CLANG_ENABLE_OBJC_ARC = YES;
				CLANG_ENABLE_OBJC_WEAK = YES;
				CLANG_WARN_BLOCK_CAPTURE_AUTORELEASING = YES;
				CLANG_WARN_BOOL_CONVERSION = YES;
				CLANG_WARN_COMMA = YES;
				CLANG_WARN_CONSTANT_CONVERSION = YES;
				CLANG_WARN_DEPRECATED_OBJC_IMPLEMENTATIONS = YES;
				CLANG_WARN_DIRECT_OBJC_ISA_USAGE = YES_ERROR;
				CLANG_WARN_DOCUMENTATION_COMMENTS = YES;
				CLANG_WARN_EMPTY_BODY = YES;
				CLANG_WARN_ENUM_CONVERSION = YES;
				CLANG_WARN_INFINITE_RECURSION = YES;
				CLANG_WARN_INT_CONVERSION = YES;
				CLANG_WARN_NON_LITERAL_NULL_CONVERSION = YES;
				CLANG_WARN_OBJC_IMPLICIT_RETAIN_SELF = YES;
				CLANG_WARN_OBJC_LITERAL_CONVERSION = YES;
				CLANG_WARN_OBJC_ROOT_CLASS = YES_ERROR;
				CLANG_WARN_QUOTED_INCLUDE_IN_FRAMEWORK_HEADER = YES;
				CLANG_WARN_RANGE_LOOP_ANALYSIS = YES;
				CLANG_WARN_STRICT_PROTOTYPES = YES;
				CLANG_WARN_SUSPICIOUS_MOVE = YES;
				CLANG_WARN_UNGUARDED_AVAILABILITY = YES_AGGRESSIVE;
				CLANG_WARN_UNREACHABLE_CODE = YES;
				CLANG_WARN__DUPLICATE_METHOD_MATCH = YES;
				COPY_PHASE_STRIP = NO;
				DEBUG_INFORMATION_FORMAT = "dwarf-with-dsym";
				ENABLE_NS_ASSERTIONS = NO;
				ENABLE_STRICT_OBJC_MSGSEND = YES;
				GCC_C_LANGUAGE_STANDARD = gnu11;
				GCC_NO_COMMON_BLOCKS = YES;
				GCC_WARN_64_TO_32_BIT_CONVERSION = YES;
				GCC_WARN_ABOUT_RETURN_TYPE = YES_ERROR;
				GCC_WARN_UNDECLARED_SELECTOR = YES;
				GCC_WARN_UNINITIALIZED_AUTOS = YES_AGGRESSIVE;
				GCC_WARN_UNUSED_FUNCTION = YES;
				GCC_WARN_UNUSED_VARIABLE = YES;
				IPHONEOS_DEPLOYMENT_TARGET = 15.5;
				MTL_ENABLE_DEBUG_INFO = NO;
				MTL_FAST_MATH = YES;
				SDKROOT = iphoneos;
				SWIFT_COMPILATION_MODE = wholemodule;
				SWIFT_OPTIMIZATION_LEVEL = "-O";
				VALIDATE_PRODUCT = YES;
			};
			name = Release;
		};
		DFBF41D1288CDB0E00203759 /* Debug */ = {
			isa = XCBuildConfiguration;
			baseConfigurationReference = 3E14807D4A1DD20150F1C079 /* Pods-hua_vy_food.debug.xcconfig */;
			buildSettings = {
				ASSETCATALOG_COMPILER_APPICON_NAME = AppIcon;
				ASSETCATALOG_COMPILER_GLOBAL_ACCENT_COLOR_NAME = AccentColor;
				ASSETCATALOG_COMPILER_INCLUDE_ALL_APPICON_ASSETS = NO;
				CODE_SIGN_STYLE = Automatic;
				CURRENT_PROJECT_VERSION = 1;
				DEVELOPMENT_TEAM = QW4XF2Y493;
				GENERATE_INFOPLIST_FILE = YES;
				INFOPLIST_FILE = hua_vy_food/Info.plist;
				INFOPLIST_KEY_CFBundleDisplayName = "Hứa Vy Food";
				INFOPLIST_KEY_NSPhotoLibraryUsageDescription = "Hãy cho Hứa Vy Food quyền truy cập vào thư viện ảnh để có thể upload ảnh nhé ^^";
				INFOPLIST_KEY_UIApplicationSupportsIndirectInputEvents = YES;
				INFOPLIST_KEY_UILaunchStoryboardName = LaunchScreen;
				INFOPLIST_KEY_UISupportedInterfaceOrientations = UIInterfaceOrientationPortrait;
				INFOPLIST_KEY_UISupportedInterfaceOrientations_iPad = "UIInterfaceOrientationPortrait UIInterfaceOrientationPortraitUpsideDown UIInterfaceOrientationLandscapeLeft UIInterfaceOrientationLandscapeRight";
				INFOPLIST_KEY_UISupportedInterfaceOrientations_iPhone = "UIInterfaceOrientationPortrait UIInterfaceOrientationLandscapeLeft UIInterfaceOrientationLandscapeRight";
				LD_RUNPATH_SEARCH_PATHS = (
					"$(inherited)",
					"@executable_path/Frameworks",
				);
				MARKETING_VERSION = 1.0;
				PRODUCT_BUNDLE_IDENTIFIER = "com.Turacle.hua-vy-food";
				PRODUCT_NAME = "$(TARGET_NAME)";
				SWIFT_EMIT_LOC_STRINGS = YES;
				SWIFT_VERSION = 5.0;
				TARGETED_DEVICE_FAMILY = "1,2";
			};
			name = Debug;
		};
		DFBF41D2288CDB0E00203759 /* Release */ = {
			isa = XCBuildConfiguration;
			baseConfigurationReference = 1A41161FAF4EAA2374DEDB2A /* Pods-hua_vy_food.release.xcconfig */;
			buildSettings = {
				ASSETCATALOG_COMPILER_APPICON_NAME = AppIcon;
				ASSETCATALOG_COMPILER_GLOBAL_ACCENT_COLOR_NAME = AccentColor;
				ASSETCATALOG_COMPILER_INCLUDE_ALL_APPICON_ASSETS = NO;
				CODE_SIGN_STYLE = Automatic;
				CURRENT_PROJECT_VERSION = 1;
				DEVELOPMENT_TEAM = QW4XF2Y493;
				GENERATE_INFOPLIST_FILE = YES;
				INFOPLIST_FILE = hua_vy_food/Info.plist;
				INFOPLIST_KEY_CFBundleDisplayName = "Hứa Vy Food";
				INFOPLIST_KEY_NSPhotoLibraryUsageDescription = "Hãy cho Hứa Vy Food quyền truy cập vào thư viện ảnh để có thể upload ảnh nhé ^^";
				INFOPLIST_KEY_UIApplicationSupportsIndirectInputEvents = YES;
				INFOPLIST_KEY_UILaunchStoryboardName = LaunchScreen;
				INFOPLIST_KEY_UISupportedInterfaceOrientations = UIInterfaceOrientationPortrait;
				INFOPLIST_KEY_UISupportedInterfaceOrientations_iPad = "UIInterfaceOrientationPortrait UIInterfaceOrientationPortraitUpsideDown UIInterfaceOrientationLandscapeLeft UIInterfaceOrientationLandscapeRight";
				INFOPLIST_KEY_UISupportedInterfaceOrientations_iPhone = "UIInterfaceOrientationPortrait UIInterfaceOrientationLandscapeLeft UIInterfaceOrientationLandscapeRight";
				LD_RUNPATH_SEARCH_PATHS = (
					"$(inherited)",
					"@executable_path/Frameworks",
				);
				MARKETING_VERSION = 1.0;
				PRODUCT_BUNDLE_IDENTIFIER = "com.Turacle.hua-vy-food";
				PRODUCT_NAME = "$(TARGET_NAME)";
				SWIFT_EMIT_LOC_STRINGS = YES;
				SWIFT_VERSION = 5.0;
				TARGETED_DEVICE_FAMILY = "1,2";
			};
			name = Release;
		};
/* End XCBuildConfiguration section */

/* Begin XCConfigurationList section */
		DFBF41B7288CDB0C00203759 /* Build configuration list for PBXProject "hua_vy_food" */ = {
			isa = XCConfigurationList;
			buildConfigurations = (
				DFBF41CE288CDB0E00203759 /* Debug */,
				DFBF41CF288CDB0E00203759 /* Release */,
			);
			defaultConfigurationIsVisible = 0;
			defaultConfigurationName = Release;
		};
		DFBF41D0288CDB0E00203759 /* Build configuration list for PBXNativeTarget "hua_vy_food" */ = {
			isa = XCConfigurationList;
			buildConfigurations = (
				DFBF41D1288CDB0E00203759 /* Debug */,
				DFBF41D2288CDB0E00203759 /* Release */,
			);
			defaultConfigurationIsVisible = 0;
			defaultConfigurationName = Release;
		};
/* End XCConfigurationList section */
	};
	rootObject = DFBF41B4288CDB0C00203759 /* Project object */;
}
