// !$*UTF8*$!
{
	archiveVersion = 1;
	classes = {
	};
	objectVersion = 55;
	objects = {

/* Begin PBXBuildFile section */
		0ACE6AACA6824CDFEE40C7FF /* Pods_hua_vy_food.framework in Frameworks */ = {isa = PBXBuildFile; fileRef = D555685F0C73C32433624EC3 /* Pods_hua_vy_food.framework */; };
		DFBF41C0288CDB0C00203759 /* AppDelegate.swift in Sources */ = {isa = PBXBuildFile; fileRef = DFBF41BF288CDB0C00203759 /* AppDelegate.swift */; };
		DFBF41C2288CDB0C00203759 /* SceneDelegate.swift in Sources */ = {isa = PBXBuildFile; fileRef = DFBF41C1288CDB0C00203759 /* SceneDelegate.swift */; };
		DFBF41C4288CDB0C00203759 /* ViewController.swift in Sources */ = {isa = PBXBuildFile; fileRef = DFBF41C3288CDB0C00203759 /* ViewController.swift */; };
		DFBF41C7288CDB0C00203759 /* Main.storyboard in Resources */ = {isa = PBXBuildFile; fileRef = DFBF41C5288CDB0C00203759 /* Main.storyboard */; };
		DFBF41C9288CDB0E00203759 /* Assets.xcassets in Resources */ = {isa = PBXBuildFile; fileRef = DFBF41C8288CDB0E00203759 /* Assets.xcassets */; };
		DFBF41CC288CDB0E00203759 /* LaunchScreen.storyboard in Resources */ = {isa = PBXBuildFile; fileRef = DFBF41CA288CDB0E00203759 /* LaunchScreen.storyboard */; };
/* End PBXBuildFile section */

/* Begin PBXFileReference section */
		1A41161FAF4EAA2374DEDB2A /* Pods-hua_vy_food.release.xcconfig */ = {isa = PBXFileReference; includeInIndex = 1; lastKnownFileType = text.xcconfig; name = "Pods-hua_vy_food.release.xcconfig"; path = "Target Support Files/Pods-hua_vy_food/Pods-hua_vy_food.release.xcconfig"; sourceTree = "<group>"; };
		3E14807D4A1DD20150F1C079 /* Pods-hua_vy_food.debug.xcconfig */ = {isa = PBXFileReference; includeInIndex = 1; lastKnownFileType = text.xcconfig; name = "Pods-hua_vy_food.debug.xcconfig"; path = "Target Support Files/Pods-hua_vy_food/Pods-hua_vy_food.debug.xcconfig"; sourceTree = "<group>"; };
		D555685F0C73C32433624EC3 /* Pods_hua_vy_food.framework */ = {isa = PBXFileReference; explicitFileType = wrapper.framework; includeInIndex = 0; path = Pods_hua_vy_food.framework; sourceTree = BUILT_PRODUCTS_DIR; };
		DFBF41BC288CDB0C00203759 /* hua_vy_food.app */ = {isa = PBXFileReference; explicitFileType = wrapper.application; includeInIndex = 0; path = hua_vy_food.app; sourceTree = BUILT_PRODUCTS_DIR; };
		DFBF41BF288CDB0C00203759 /* AppDelegate.swift */ = {isa = PBXFileReference; lastKnownFileType = sourcecode.swift; path = AppDelegate.swift; sourceTree = "<group>"; };
		DFBF41C1288CDB0C00203759 /* SceneDelegate.swift */ = {isa = PBXFileReference; lastKnownFileType = sourcecode.swift; path = SceneDelegate.swift; sourceTree = "<group>"; };
		DFBF41C3288CDB0C00203759 /* ViewController.swift */ = {isa = PBXFileReference; lastKnownFileType = sourcecode.swift; path = ViewController.swift; sourceTree = "<group>"; };
		DFBF41C6288CDB0C00203759 /* Base */ = {isa = PBXFileReference; lastKnownFileType = file.storyboard; name = Base; path = Base.lproj/Main.storyboard; sourceTree = "<group>"; };
		DFBF41C8288CDB0E00203759 /* Assets.xcassets */ = {isa = PBXFileReference; lastKnownFileType = folder.assetcatalog; path = Assets.xcassets; sourceTree = "<group>"; };
		DFBF41CB288CDB0E00203759 /* Base */ = {isa = PBXFileReference; lastKnownFileType = file.storyboard; name = Base; path = Base.lproj/LaunchScreen.storyboard; sourceTree = "<group>"; };
		DFBF41CD288CDB0E00203759 /* Info.plist */ = {isa = PBXFileReference; lastKnownFileType = text.plist.xml; path = Info.plist; sourceTree = "<group>"; };
/* End PBXFileReference section */

/* Begin PBXFrameworksBuildPhase section */
		DFBF41B9288CDB0C00203759 /* Frameworks */ = {
			isa = PBXFrameworksBuildPhase;
			buildActionMask = 2147483647;
			files = (
				0ACE6AACA6824CDFEE40C7FF /* Pods_hua_vy_food.framework in Frameworks */,
			);
			runOnlyForDeploymentPostprocessing = 0;
		};
/* End PBXFrameworksBuildPhase section */

/* Begin PBXGroup section */
		06FEF8CE49A79BB11CE4ED5F /* Frameworks */ = {
			isa = PBXGroup;
			children = (
				D555685F0C73C32433624EC3 /* Pods_hua_vy_food.framework */,
			);
			name = Frameworks;
			sourceTree = "<group>";
		};
		BFA00F9D881B100B616057B3 /* Pods */ = {
			isa = PBXGroup;
			children = (
				3E14807D4A1DD20150F1C079 /* Pods-hua_vy_food.debug.xcconfig */,
				1A41161FAF4EAA2374DEDB2A /* Pods-hua_vy_food.release.xcconfig */,
			);
			name = Pods;
			path = Pods;
			sourceTree = "<group>";
		};
		DFBF41B3288CDB0C00203759 = {
			isa = PBXGroup;
			children = (
				DFBF41BE288CDB0C00203759 /* hua_vy_food */,
				DFBF41BD288CDB0C00203759 /* Products */,
				BFA00F9D881B100B616057B3 /* Pods */,
				06FEF8CE49A79BB11CE4ED5F /* Frameworks */,
			);
			sourceTree = "<group>";
		};
		DFBF41BD288CDB0C00203759 /* Products */ = {
			isa = PBXGroup;
			children = (
				DFBF41BC288CDB0C00203759 /* hua_vy_food.app */,
			);
			name = Products;
			sourceTree = "<group>";
		};
		DFBF41BE288CDB0C00203759 /* hua_vy_food */ = {
			isa = PBXGroup;
			children = (
				DFBF41BF288CDB0C00203759 /* AppDelegate.swift */,
				DFBF41C1288CDB0C00203759 /* SceneDelegate.swift */,
				DFBF41C3288CDB0C00203759 /* ViewController.swift */,
				DFBF41C5288CDB0C00203759 /* Main.storyboard */,
				DFBF41C8288CDB0E00203759 /* Assets.xcassets */,
				DFBF41CA288CDB0E00203759 /* LaunchScreen.storyboard */,
				DFBF41CD288CDB0E00203759 /* Info.plist */,
			);
			path = hua_vy_food;
			sourceTree = "<group>";
		};
/* End PBXGroup section */

/* Begin PBXNativeTarget section */
		DFBF41BB288CDB0C00203759 /* hua_vy_food */ = {
			isa = PBXNativeTarget;
			buildConfigurationList = DFBF41D0288CDB0E00203759 /* Build configuration list for PBXNativeTarget "hua_vy_food" */;
			buildPhases = (
				EF91846639F7D88C2C35BC94 /* [CP] Check Pods Manifest.lock */,
				DFBF41B8288CDB0C00203759 /* Sources */,
				DFBF41B9288CDB0C00203759 /* Frameworks */,
				DFBF41BA288CDB0C00203759 /* Resources */,
				0C0A2C6E4585C8A84FA18E3E /* [CP] Embed Pods Frameworks */,
			);
			buildRules = (
			);
			dependencies = (
			);
			name = hua_vy_food;
			productName = hua_vy_food;
			productReference = DFBF41BC288CDB0C00203759 /* hua_vy_food.app */;
			productType = "com.apple.product-type.application";
		};
/* End PBXNativeTarget section */

/* Begin PBXProject section */
		DFBF41B4288CDB0C00203759 /* Project object */ = {
			isa = PBXProject;
			attributes = {
				BuildIndependentTargetsInParallel = 1;
				LastSwiftUpdateCheck = 1340;
				LastUpgradeCheck = 1340;
				TargetAttributes = {
					DFBF41BB288CDB0C00203759 = {
						CreatedOnToolsVersion = 13.4.1;
					};
				};
			};
			buildConfigurationList = DFBF41B7288CDB0C00203759 /* Build configuration list for PBXProject "hua_vy_food" */;
			compatibilityVersion = "Xcode 13.0";
			developmentRegion = en;
			hasScannedForEncodings = 0;
			knownRegions = (
				en,
				Base,
			);
			mainGroup = DFBF41B3288CDB0C00203759;
			productRefGroup = DFBF41BD288CDB0C00203759 /* Products */;
			projectDirPath = "";
			projectRoot = "";
			targets = (
				DFBF41BB288CDB0C00203759 /* hua_vy_food */,
			);
		};
/* End PBXProject section */

/* Begin PBXResourcesBuildPhase section */
		DFBF41BA288CDB0C00203759 /* Resources */ = {
			isa = PBXResourcesBuildPhase;
			buildActionMask = 2147483647;
			files = (
				DFBF41CC288CDB0E00203759 /* LaunchScreen.storyboard in Resources */,
				DFBF41C9288CDB0E00203759 /* Assets.xcassets in Resources */,
				DFBF41C7288CDB0C00203759 /* Main.storyboard in Resources */,
			);
			runOnlyForDeploymentPostprocessing = 0;
		};
/* End PBXResourcesBuildPhase section */

/* Begin PBXShellScriptBuildPhase section */
		0C0A2C6E4585C8A84FA18E3E /* [CP] Embed Pods Frameworks */ = {
			isa = PBXShellScriptBuildPhase;
			buildActionMask = 2147483647;
			files = (
			);
			inputFileListPaths = (
				"${PODS_ROOT}/Target Support Files/Pods-hua_vy_food/Pods-hua_vy_food-frameworks-${CONFIGURATION}-input-files.xcfilelist",
			);
			name = "[CP] Embed Pods Frameworks";
			outputFileListPaths = (
				"${PODS_ROOT}/Target Support Files/Pods-hua_vy_food/Pods-hua_vy_food-frameworks-${CONFIGURATION}-output-files.xcfilelist",
			);
			runOnlyForDeploymentPostprocessing = 0;
			shellPath = /bin/sh;
			shellScript = "\"${PODS_ROOT}/Target Support Files/Pods-hua_vy_food/Pods-hua_vy_food-frameworks.sh\"\n";
			showEnvVarsInLog = 0;
		};
		EF91846639F7D88C2C35BC94 /* [CP] Check Pods Manifest.lock */ = {
			isa = PBXShellScriptBuildPhase;
			buildActionMask = 2147483647;
			files = (
			);
			inputFileListPaths = (
			);
			inputPaths = (
				"${PODS_PODFILE_DIR_PATH}/Podfile.lock",
				"${PODS_ROOT}/Manifest.lock",
			);
			name = "[CP] Check Pods Manifest.lock";
			outputFileListPaths = (
			);
			outputPaths = (
				"$(DERIVED_FILE_DIR)/Pods-hua_vy_food-checkManifestLockResult.txt",
			);
			runOnlyForDeploymentPostprocessing = 0;
			shellPath = /bin/sh;
			shellScript = "diff \"${PODS_PODFILE_DIR_PATH}/Podfile.lock\" \"${PODS_ROOT}/Manifest.lock\" > /dev/null\nif [ $? != 0 ] ; then\n    # print error to STDERR\n    echo \"error: The sandbox is not in sync with the Podfile.lock. Run 'pod install' or update your CocoaPods installation.\" >&2\n    exit 1\nfi\n# This output is used by Xcode 'outputs' to avoid re-running this script phase.\necho \"SUCCESS\" > \"${SCRIPT_OUTPUT_FILE_0}\"\n";
			showEnvVarsInLog = 0;
		};
/* End PBXShellScriptBuildPhase section */

/* Begin PBXSourcesBuildPhase section */
		DFBF41B8288CDB0C00203759 /* Sources */ = {
			isa = PBXSourcesBuildPhase;
			buildActionMask = 2147483647;
			files = (
				DFBF41C4288CDB0C00203759 /* ViewController.swift in Sources */,
				DFBF41C0288CDB0C00203759 /* AppDelegate.swift in Sources */,
				DFBF41C2288CDB0C00203759 /* SceneDelegate.swift in Sources */,
			);
			runOnlyForDeploymentPostprocessing = 0;
		};
/* End PBXSourcesBuildPhase section */

/* Begin PBXVariantGroup section */
		DFBF41C5288CDB0C00203759 /* Main.storyboard */ = {
			isa = PBXVariantGroup;
			children = (
				DFBF41C6288CDB0C00203759 /* Base */,
			);
			name = Main.storyboard;
			sourceTree = "<group>";
		};
		DFBF41CA288CDB0E00203759 /* LaunchScreen.storyboard */ = {
			isa = PBXVariantGroup;
			children = (
				DFBF41CB288CDB0E00203759 /* Base */,
			);
			name = LaunchScreen.storyboard;
			sourceTree = "<group>";
		};
/* End PBXVariantGroup section */

/* Begin XCBuildConfiguration section */
		DFBF41CE288CDB0E00203759 /* Debug */ = {
			isa = XCBuildConfiguration;
			buildSettings = {
				ALWAYS_SEARCH_USER_PATHS = NO;
				CLANG_ANALYZER_NONNULL = YES;
				CLANG_ANALYZER_NUMBER_OBJECT_CONVERSION = YES_AGGRESSIVE;
				CLANG_CXX_LANGUAGE_STANDARD = "gnu++17";
				CLANG_ENABLE_MODULES = YES;
				CLANG_ENABLE_OBJC_ARC = YES;
				CLANG_ENABLE_OBJC_WEAK = YES;
				CLANG_WARN_BLOCK_CAPTURE_AUTORELEASING = YES;
				CLANG_WARN_BOOL_CONVERSION = YES;
				CLANG_WARN_COMMA = YES;
				CLANG_WARN_CONSTANT_CONVERSION = YES;
				CLANG_WARN_DEPRECATED_OBJC_IMPLEMENTATIONS = YES;
				CLANG_WARN_DIRECT_OBJC_ISA_USAGE = YES_ERROR;
				CLANG_WARN_DOCUMENTATION_COMMENTS = YES;
				CLANG_WARN_EMPTY_BODY = YES;
				CLANG_WARN_ENUM_CONVERSION = YES;
				CLANG_WARN_INFINITE_RECURSION = YES;
				CLANG_WARN_INT_CONVERSION = YES;
				CLANG_WARN_NON_LITERAL_NULL_CONVERSION = YES;
				CLANG_WARN_OBJC_IMPLICIT_RETAIN_SELF = YES;
				CLANG_WARN_OBJC_LITERAL_CONVERSION = YES;
				CLANG_WARN_OBJC_ROOT_CLASS = YES_ERROR;
				CLANG_WARN_QUOTED_INCLUDE_IN_FRAMEWORK_HEADER = YES;
				CLANG_WARN_RANGE_LOOP_ANALYSIS = YES;
				CLANG_WARN_STRICT_PROTOTYPES = YES;
				CLANG_WARN_SUSPICIOUS_MOVE = YES;
				CLANG_WARN_UNGUARDED_AVAILABILITY = YES_AGGRESSIVE;
				CLANG_WARN_UNREACHABLE_CODE = YES;
				CLANG_WARN__DUPLICATE_METHOD_MATCH = YES;
				COPY_PHASE_STRIP = NO;
				DEBUG_INFORMATION_FORMAT = dwarf;
				ENABLE_STRICT_OBJC_MSGSEND = YES;
				ENABLE_TESTABILITY = YES;
				GCC_C_LANGUAGE_STANDARD = gnu11;
				GCC_DYNAMIC_NO_PIC = NO;
				GCC_NO_COMMON_BLOCKS = YES;
				GCC_OPTIMIZATION_LEVEL = 0;
				GCC_PREPROCESSOR_DEFINITIONS = (
					"DEBUG=1",
					"$(inherited)",
				);
				GCC_WARN_64_TO_32_BIT_CONVERSION = YES;
				GCC_WARN_ABOUT_RETURN_TYPE = YES_ERROR;
				GCC_WARN_UNDECLARED_SELECTOR = YES;
				GCC_WARN_UNINITIALIZED_AUTOS = YES_AGGRESSIVE;
				GCC_WARN_UNUSED_FUNCTION = YES;
				GCC_WARN_UNUSED_VARIABLE = YES;
				IPHONEOS_DEPLOYMENT_TARGET = 15.5;
				MTL_ENABLE_DEBUG_INFO = INCLUDE_SOURCE;
				MTL_FAST_MATH = YES;
				ONLY_ACTIVE_ARCH = YES;
				SDKROOT = iphoneos;
				SWIFT_ACTIVE_COMPILATION_CONDITIONS = DEBUG;
				SWIFT_OPTIMIZATION_LEVEL = "-Onone";
			};
			name = Debug;
		};
		DFBF41CF288CDB0E00203759 /* Release */ = {
			isa = XCBuildConfiguration;
			buildSettings = {
				ALWAYS_SEARCH_USER_PATHS = NO;
				CLANG_ANALYZER_NONNULL = YES;
				CLANG_ANALYZER_NUMBER_OBJECT_CONVERSION = YES_AGGRESSIVE;
				CLANG_CXX_LANGUAGE_STANDARD = "gnu++17";
				CLANG_ENABLE_MODULES = YES;
				CLANG_ENABLE_OBJC_ARC = YES;
				CLANG_ENABLE_OBJC_WEAK = YES;
				CLANG_WARN_BLOCK_CAPTURE_AUTORELEASING = YES;
				CLANG_WARN_BOOL_CONVERSION = YES;
				CLANG_WARN_COMMA = YES;
				CLANG_WARN_CONSTANT_CONVERSION = YES;
				CLANG_WARN_DEPRECATED_OBJC_IMPLEMENTATIONS = YES;
				CLANG_WARN_DIRECT_OBJC_ISA_USAGE = YES_ERROR;
				CLANG_WARN_DOCUMENTATION_COMMENTS = YES;
				CLANG_WARN_EMPTY_BODY = YES;
				CLANG_WARN_ENUM_CONVERSION = YES;
				CLANG_WARN_INFINITE_RECURSION = YES;
				CLANG_WARN_INT_CONVERSION = YES;
				CLANG_WARN_NON_LITERAL_NULL_CONVERSION = YES;
				CLANG_WARN_OBJC_IMPLICIT_RETAIN_SELF = YES;
				CLANG_WARN_OBJC_LITERAL_CONVERSION = YES;
				CLANG_WARN_OBJC_ROOT_CLASS = YES_ERROR;
				CLANG_WARN_QUOTED_INCLUDE_IN_FRAMEWORK_HEADER = YES;
				CLANG_WARN_RANGE_LOOP_ANALYSIS = YES;
				CLANG_WARN_STRICT_PROTOTYPES = YES;
				CLANG_WARN_SUSPICIOUS_MOVE = YES;
				CLANG_WARN_UNGUARDED_AVAILABILITY = YES_AGGRESSIVE;
				CLANG_WARN_UNREACHABLE_CODE = YES;
				CLANG_WARN__DUPLICATE_METHOD_MATCH = YES;
				COPY_PHASE_STRIP = NO;
				DEBUG_INFORMATION_FORMAT = "dwarf-with-dsym";
				ENABLE_NS_ASSERTIONS = NO;
				ENABLE_STRICT_OBJC_MSGSEND = YES;
				GCC_C_LANGUAGE_STANDARD = gnu11;
				GCC_NO_COMMON_BLOCKS = YES;
				GCC_WARN_64_TO_32_BIT_CONVERSION = YES;
				GCC_WARN_ABOUT_RETURN_TYPE = YES_ERROR;
				GCC_WARN_UNDECLARED_SELECTOR = YES;
				GCC_WARN_UNINITIALIZED_AUTOS = YES_AGGRESSIVE;
				GCC_WARN_UNUSED_FUNCTION = YES;
				GCC_WARN_UNUSED_VARIABLE = YES;
				IPHONEOS_DEPLOYMENT_TARGET = 15.5;
				MTL_ENABLE_DEBUG_INFO = NO;
				MTL_FAST_MATH = YES;
				SDKROOT = iphoneos;
				SWIFT_COMPILATION_MODE = wholemodule;
				SWIFT_OPTIMIZATION_LEVEL = "-O";
				VALIDATE_PRODUCT = YES;
			};
			name = Release;
		};
		DFBF41D1288CDB0E00203759 /* Debug */ = {
			isa = XCBuildConfiguration;
			baseConfigurationReference = 3E14807D4A1DD20150F1C079 /* Pods-hua_vy_food.debug.xcconfig */;
			buildSettings = {
				ASSETCATALOG_COMPILER_APPICON_NAME = AppIcon;
				ASSETCATALOG_COMPILER_GLOBAL_ACCENT_COLOR_NAME = AccentColor;
				CODE_SIGN_STYLE = Automatic;
				CURRENT_PROJECT_VERSION = 1;
				DEVELOPMENT_TEAM = QW4XF2Y493;
				GENERATE_INFOPLIST_FILE = YES;
				INFOPLIST_FILE = hua_vy_food/Info.plist;
				INFOPLIST_KEY_UIApplicationSupportsIndirectInputEvents = YES;
				INFOPLIST_KEY_UILaunchStoryboardName = LaunchScreen;
				INFOPLIST_KEY_UIMainStoryboardFile = Main;
				INFOPLIST_KEY_UISupportedInterfaceOrientations_iPad = "UIInterfaceOrientationPortrait UIInterfaceOrientationPortraitUpsideDown UIInterfaceOrientationLandscapeLeft UIInterfaceOrientationLandscapeRight";
				INFOPLIST_KEY_UISupportedInterfaceOrientations_iPhone = "UIInterfaceOrientationPortrait UIInterfaceOrientationLandscapeLeft UIInterfaceOrientationLandscapeRight";
				LD_RUNPATH_SEARCH_PATHS = (
					"$(inherited)",
					"@executable_path/Frameworks",
				);
				MARKETING_VERSION = 1.0;
				PRODUCT_BUNDLE_IDENTIFIER = "com.Turacle.hua-vy-food";
				PRODUCT_NAME = "$(TARGET_NAME)";
				SWIFT_EMIT_LOC_STRINGS = YES;
				SWIFT_VERSION = 5.0;
				TARGETED_DEVICE_FAMILY = "1,2";
			};
			name = Debug;
		};
		DFBF41D2288CDB0E00203759 /* Release */ = {
			isa = XCBuildConfiguration;
			baseConfigurationReference = 1A41161FAF4EAA2374DEDB2A /* Pods-hua_vy_food.release.xcconfig */;
			buildSettings = {
				ASSETCATALOG_COMPILER_APPICON_NAME = AppIcon;
				ASSETCATALOG_COMPILER_GLOBAL_ACCENT_COLOR_NAME = AccentColor;
				CODE_SIGN_STYLE = Automatic;
				CURRENT_PROJECT_VERSION = 1;
				DEVELOPMENT_TEAM = QW4XF2Y493;
				GENERATE_INFOPLIST_FILE = YES;
				INFOPLIST_FILE = hua_vy_food/Info.plist;
				INFOPLIST_KEY_UIApplicationSupportsIndirectInputEvents = YES;
				INFOPLIST_KEY_UILaunchStoryboardName = LaunchScreen;
				INFOPLIST_KEY_UIMainStoryboardFile = Main;
				INFOPLIST_KEY_UISupportedInterfaceOrientations_iPad = "UIInterfaceOrientationPortrait UIInterfaceOrientationPortraitUpsideDown UIInterfaceOrientationLandscapeLeft UIInterfaceOrientationLandscapeRight";
				INFOPLIST_KEY_UISupportedInterfaceOrientations_iPhone = "UIInterfaceOrientationPortrait UIInterfaceOrientationLandscapeLeft UIInterfaceOrientationLandscapeRight";
				LD_RUNPATH_SEARCH_PATHS = (
					"$(inherited)",
					"@executable_path/Frameworks",
				);
				MARKETING_VERSION = 1.0;
				PRODUCT_BUNDLE_IDENTIFIER = "com.Turacle.hua-vy-food";
				PRODUCT_NAME = "$(TARGET_NAME)";
				SWIFT_EMIT_LOC_STRINGS = YES;
				SWIFT_VERSION = 5.0;
				TARGETED_DEVICE_FAMILY = "1,2";
			};
			name = Release;
		};
/* End XCBuildConfiguration section */

/* Begin XCConfigurationList section */
		DFBF41B7288CDB0C00203759 /* Build configuration list for PBXProject "hua_vy_food" */ = {
			isa = XCConfigurationList;
			buildConfigurations = (
				DFBF41CE288CDB0E00203759 /* Debug */,
				DFBF41CF288CDB0E00203759 /* Release */,
			);
			defaultConfigurationIsVisible = 0;
			defaultConfigurationName = Release;
		};
		DFBF41D0288CDB0E00203759 /* Build configuration list for PBXNativeTarget "hua_vy_food" */ = {
			isa = XCConfigurationList;
			buildConfigurations = (
				DFBF41D1288CDB0E00203759 /* Debug */,
				DFBF41D2288CDB0E00203759 /* Release */,
			);
			defaultConfigurationIsVisible = 0;
			defaultConfigurationName = Release;
		};
/* End XCConfigurationList section */
	};
	rootObject = DFBF41B4288CDB0C00203759 /* Project object */;
}
